
Microsoft Visual Studio Solution File, Format Version 12.00
# Visual Studio Version 16
VisualStudioVersion = 16.0.31205.134
MinimumVisualStudioVersion = 10.0.40219.1
Project("{FAE04EC0-301F-11D3-BF4B-00C04F79EFBC}") = "App2.Android", "App2\App2.Android\App2.Android.csproj", "{044203DF-7947-49F3-8DB6-E6F79AC1A660}"
EndProject
Project("{FAE04EC0-301F-11D3-BF4B-00C04F79EFBC}") = "App2.iOS", "App2\App2.iOS\App2.iOS.csproj", "{1369AABC-91C5-4108-875B-260A302639B1}"
EndProject
Project("{FAE04EC0-301F-11D3-BF4B-00C04F79EFBC}") = "App2", "App2\App2\App2.csproj", "{D26B1530-CE78-41C3-BA21-208E900A8949}"
EndProject
Global
	GlobalSection(SolutionConfigurationPlatforms) = preSolution
		Debug|Any CPU = Debug|Any CPU
		Debug|iPhone = Debug|iPhone
		Debug|iPhoneSimulator = Debug|iPhoneSimulator
		Release|Any CPU = Release|Any CPU
		Release|iPhone = Release|iPhone
		Release|iPhoneSimulator = Release|iPhoneSimulator
	EndGlobalSection
	GlobalSection(ProjectConfigurationPlatforms) = postSolution
		{044203DF-7947-49F3-8DB6-E6F79AC1A660}.Debug|Any CPU.ActiveCfg = Debug|Any CPU
		{044203DF-7947-49F3-8DB6-E6F79AC1A660}.Debug|Any CPU.Build.0 = Debug|Any CPU
		{044203DF-7947-49F3-8DB6-E6F79AC1A660}.Debug|Any CPU.Deploy.0 = Debug|Any CPU
		{044203DF-7947-49F3-8DB6-E6F79AC1A660}.Debug|iPhone.ActiveCfg = Debug|Any CPU
		{044203DF-7947-49F3-8DB6-E6F79AC1A660}.Debug|iPhone.Build.0 = Debug|Any CPU
		{044203DF-7947-49F3-8DB6-E6F79AC1A660}.Debug|iPhone.Deploy.0 = Debug|Any CPU
		{044203DF-7947-49F3-8DB6-E6F79AC1A660}.Debug|iPhoneSimulator.ActiveCfg = Debug|Any CPU
		{044203DF-7947-49F3-8DB6-E6F79AC1A660}.Debug|iPhoneSimulator.Build.0 = Debug|Any CPU
		{044203DF-7947-49F3-8DB6-E6F79AC1A660}.Debug|iPhoneSimulator.Deploy.0 = Debug|Any CPU
		{044203DF-7947-49F3-8DB6-E6F79AC1A660}.Release|Any CPU.ActiveCfg = Release|Any CPU
		{044203DF-7947-49F3-8DB6-E6F79AC1A660}.Release|Any CPU.Build.0 = Release|Any CPU
		{044203DF-7947-49F3-8DB6-E6F79AC1A660}.Release|Any CPU.Deploy.0 = Release|Any CPU
		{044203DF-7947-49F3-8DB6-E6F79AC1A660}.Release|iPhone.ActiveCfg = Release|Any CPU
		{044203DF-7947-49F3-8DB6-E6F79AC1A660}.Release|iPhone.Build.0 = Release|Any CPU
		{044203DF-7947-49F3-8DB6-E6F79AC1A660}.Release|iPhone.Deploy.0 = Release|Any CPU
		{044203DF-7947-49F3-8DB6-E6F79AC1A660}.Release|iPhoneSimulator.ActiveCfg = Release|Any CPU
		{044203DF-7947-49F3-8DB6-E6F79AC1A660}.Release|iPhoneSimulator.Build.0 = Release|Any CPU
		{044203DF-7947-49F3-8DB6-E6F79AC1A660}.Release|iPhoneSimulator.Deploy.0 = Release|Any CPU
		{1369AABC-91C5-4108-875B-260A302639B1}.Debug|Any CPU.ActiveCfg = Debug|iPhone
		{1369AABC-91C5-4108-875B-260A302639B1}.Debug|Any CPU.Build.0 = Debug|iPhone
		{1369AABC-91C5-4108-875B-260A302639B1}.Debug|Any CPU.Deploy.0 = Debug|iPhone
		{1369AABC-91C5-4108-875B-260A302639B1}.Debug|iPhone.ActiveCfg = Debug|iPhone
		{1369AABC-91C5-4108-875B-260A302639B1}.Debug|iPhone.Build.0 = Debug|iPhone
		{1369AABC-91C5-4108-875B-260A302639B1}.Debug|iPhone.Deploy.0 = Debug|iPhone
		{1369AABC-91C5-4108-875B-260A302639B1}.Debug|iPhoneSimulator.ActiveCfg = Debug|iPhoneSimulator
		{1369AABC-91C5-4108-875B-260A302639B1}.Debug|iPhoneSimulator.Build.0 = Debug|iPhoneSimulator
		{1369AABC-91C5-4108-875B-260A302639B1}.Debug|iPhoneSimulator.Deploy.0 = Debug|iPhoneSimulator
		{1369AABC-91C5-4108-875B-260A302639B1}.Release|Any CPU.ActiveCfg = Release|iPhoneSimulator
		{1369AABC-91C5-4108-875B-260A302639B1}.Release|Any CPU.Build.0 = Release|iPhoneSimulator
		{1369AABC-91C5-4108-875B-260A302639B1}.Release|Any CPU.Deploy.0 = Release|iPhoneSimulator
		{1369AABC-91C5-4108-875B-260A302639B1}.Release|iPhone.ActiveCfg = Release|iPhone
		{1369AABC-91C5-4108-875B-260A302639B1}.Release|iPhone.Build.0 = Release|iPhone
		{1369AABC-91C5-4108-875B-260A302639B1}.Release|iPhone.Deploy.0 = Release|iPhone
		{1369AABC-91C5-4108-875B-260A302639B1}.Release|iPhoneSimulator.ActiveCfg = Release|iPhoneSimulator
		{1369AABC-91C5-4108-875B-260A302639B1}.Release|iPhoneSimulator.Build.0 = Release|iPhoneSimulator
		{1369AABC-91C5-4108-875B-260A302639B1}.Release|iPhoneSimulator.Deploy.0 = Release|iPhoneSimulator
		{D26B1530-CE78-41C3-BA21-208E900A8949}.Debug|Any CPU.ActiveCfg = Debug|Any CPU
		{D26B1530-CE78-41C3-BA21-208E900A8949}.Debug|Any CPU.Build.0 = Debug|Any CPU
		{D26B1530-CE78-41C3-BA21-208E900A8949}.Debug|Any CPU.Deploy.0 = Debug|Any CPU
		{D26B1530-CE78-41C3-BA21-208E900A8949}.Debug|iPhone.ActiveCfg = Debug|Any CPU
		{D26B1530-CE78-41C3-BA21-208E900A8949}.Debug|iPhone.Build.0 = Debug|Any CPU
		{D26B1530-CE78-41C3-BA21-208E900A8949}.Debug|iPhone.Deploy.0 = Debug|Any CPU
		{D26B1530-CE78-41C3-BA21-208E900A8949}.Debug|iPhoneSimulator.ActiveCfg = Debug|Any CPU
		{D26B1530-CE78-41C3-BA21-208E900A8949}.Debug|iPhoneSimulator.Build.0 = Debug|Any CPU
		{D26B1530-CE78-41C3-BA21-208E900A8949}.Debug|iPhoneSimulator.Deploy.0 = Debug|Any CPU
		{D26B1530-CE78-41C3-BA21-208E900A8949}.Release|Any CPU.ActiveCfg = Release|Any CPU
		{D26B1530-CE78-41C3-BA21-208E900A8949}.Release|Any CPU.Build.0 = Release|Any CPU
		{D26B1530-CE78-41C3-BA21-208E900A8949}.Release|Any CPU.Deploy.0 = Release|Any CPU
		{D26B1530-CE78-41C3-BA21-208E900A8949}.Release|iPhone.ActiveCfg = Release|Any CPU
		{D26B1530-CE78-41C3-BA21-208E900A8949}.Release|iPhone.Build.0 = Release|Any CPU
		{D26B1530-CE78-41C3-BA21-208E900A8949}.Release|iPhone.Deploy.0 = Release|Any CPU
		{D26B1530-CE78-41C3-BA21-208E900A8949}.Release|iPhoneSimulator.ActiveCfg = Release|Any CPU
		{D26B1530-CE78-41C3-BA21-208E900A8949}.Release|iPhoneSimulator.Build.0 = Release|Any CPU
		{D26B1530-CE78-41C3-BA21-208E900A8949}.Release|iPhoneSimulator.Deploy.0 = Release|Any CPU
	EndGlobalSection
	GlobalSection(SolutionProperties) = preSolution
		HideSolutionNode = FALSE
	EndGlobalSection
	GlobalSection(ExtensibilityGlobals) = postSolution
		SolutionGuid = {F8C55761-8C9E-458B-BA74-F3AC6C87A1DD}
	EndGlobalSection
EndGlobal
